
Microsoft Visual Studio Solution File, Format Version 12.00
# Visual Studio Version 16
VisualStudioVersion = 16.0.33214.272
MinimumVisualStudioVersion = 10.0.40219.1
Project("{FAE04EC0-301F-11D3-BF4B-00C04F79EFBC}") = "Sistema_Bancario", "Sistema_Bancario\Sistema_Bancario.csproj", "{48A139D4-4358-4E76-988A-8F3275B24D85}"
EndProject
Global
	GlobalSection(SolutionConfigurationPlatforms) = preSolution
		Debug|Any CPU = Debug|Any CPU
		Release|Any CPU = Release|Any CPU
	EndGlobalSection
	GlobalSection(ProjectConfigurationPlatforms) = postSolution
		{48A139D4-4358-4E76-988A-8F3275B24D85}.Debug|Any CPU.ActiveCfg = Debug|Any CPU
		{48A139D4-4358-4E76-988A-8F3275B24D85}.Debug|Any CPU.Build.0 = Debug|Any CPU
		{48A139D4-4358-4E76-988A-8F3275B24D85}.Release|Any CPU.ActiveCfg = Release|Any CPU
		{48A139D4-4358-4E76-988A-8F3275B24D85}.Release|Any CPU.Build.0 = Release|Any CPU
	EndGlobalSection
	GlobalSection(SolutionProperties) = preSolution
		HideSolutionNode = FALSE
	EndGlobalSection
	GlobalSection(ExtensibilityGlobals) = postSolution
		SolutionGuid = {5E0D6EB3-53D1-4647-A8CF-06C8DBCE014A}
	EndGlobalSection
EndGlobal
